
Microsoft Visual Studio Solution File, Format Version 12.00
# Visual Studio 2013
VisualStudioVersion = 12.0.31101.0
MinimumVisualStudioVersion = 10.0.40219.1
Project("{FAE04EC0-301F-11D3-BF4B-00C04F79EFBC}") = "Aplication_Import", "Aplication_Import\Aplication_Import.csproj", "{D10E9248-A8CF-45CE-A924-6D2BA73ED17A}"
EndProject
Project("{FAE04EC0-301F-11D3-BF4B-00C04F79EFBC}") = "Basico", "Basico\Basico.csproj", "{CBBFD7CD-B36C-4370-BF80-24D54C2ABE5A}"
EndProject
Project("{FAE04EC0-301F-11D3-BF4B-00C04F79EFBC}") = "ICSharpCode.SharpZLib", "ICSharpCode.SharpZLib\ICSharpCode.SharpZLib.csproj", "{7BF46E74-2791-476A-9A15-F5B2F5FD49C7}"
EndProject
Project("{FAE04EC0-301F-11D3-BF4B-00C04F79EFBC}") = "Service_Importar_Data", "Service_Importar_Data\Service_Importar_Data.csproj", "{7C972A7D-27E9-4271-963D-C6236272CE2D}"
EndProject
Project("{54435603-DBB4-11D2-8724-00A0C9A8B90C}") = "Install_Import_Data", "Install_Import_Data\Install_Import_Data.vdproj", "{6C9282E9-97BB-4FA1-BB6A-8F555BD10F42}"
EndProject
Global
	GlobalSection(SolutionConfigurationPlatforms) = preSolution
		CD_ROM|Any CPU = CD_ROM|Any CPU
		Debug|Any CPU = Debug|Any CPU
		DVD-5|Any CPU = DVD-5|Any CPU
		Release|Any CPU = Release|Any CPU
		SingleImage|Any CPU = SingleImage|Any CPU
	EndGlobalSection
	GlobalSection(ProjectConfigurationPlatforms) = postSolution
		{D10E9248-A8CF-45CE-A924-6D2BA73ED17A}.CD_ROM|Any CPU.ActiveCfg = Release|Any CPU
		{D10E9248-A8CF-45CE-A924-6D2BA73ED17A}.CD_ROM|Any CPU.Build.0 = Release|Any CPU
		{D10E9248-A8CF-45CE-A924-6D2BA73ED17A}.Debug|Any CPU.ActiveCfg = Debug|Any CPU
		{D10E9248-A8CF-45CE-A924-6D2BA73ED17A}.Debug|Any CPU.Build.0 = Debug|Any CPU
		{D10E9248-A8CF-45CE-A924-6D2BA73ED17A}.DVD-5|Any CPU.ActiveCfg = Debug|Any CPU
		{D10E9248-A8CF-45CE-A924-6D2BA73ED17A}.DVD-5|Any CPU.Build.0 = Debug|Any CPU
		{D10E9248-A8CF-45CE-A924-6D2BA73ED17A}.Release|Any CPU.ActiveCfg = Release|Any CPU
		{D10E9248-A8CF-45CE-A924-6D2BA73ED17A}.Release|Any CPU.Build.0 = Release|Any CPU
		{D10E9248-A8CF-45CE-A924-6D2BA73ED17A}.SingleImage|Any CPU.ActiveCfg = Release|Any CPU
		{D10E9248-A8CF-45CE-A924-6D2BA73ED17A}.SingleImage|Any CPU.Build.0 = Release|Any CPU
		{CBBFD7CD-B36C-4370-BF80-24D54C2ABE5A}.CD_ROM|Any CPU.ActiveCfg = Release|Any CPU
		{CBBFD7CD-B36C-4370-BF80-24D54C2ABE5A}.CD_ROM|Any CPU.Build.0 = Release|Any CPU
		{CBBFD7CD-B36C-4370-BF80-24D54C2ABE5A}.Debug|Any CPU.ActiveCfg = Debug|Any CPU
		{CBBFD7CD-B36C-4370-BF80-24D54C2ABE5A}.Debug|Any CPU.Build.0 = Debug|Any CPU
		{CBBFD7CD-B36C-4370-BF80-24D54C2ABE5A}.DVD-5|Any CPU.ActiveCfg = Debug|Any CPU
		{CBBFD7CD-B36C-4370-BF80-24D54C2ABE5A}.DVD-5|Any CPU.Build.0 = Debug|Any CPU
		{CBBFD7CD-B36C-4370-BF80-24D54C2ABE5A}.Release|Any CPU.ActiveCfg = Release|Any CPU
		{CBBFD7CD-B36C-4370-BF80-24D54C2ABE5A}.Release|Any CPU.Build.0 = Release|Any CPU
		{CBBFD7CD-B36C-4370-BF80-24D54C2ABE5A}.SingleImage|Any CPU.ActiveCfg = Release|Any CPU
		{CBBFD7CD-B36C-4370-BF80-24D54C2ABE5A}.SingleImage|Any CPU.Build.0 = Release|Any CPU
		{7BF46E74-2791-476A-9A15-F5B2F5FD49C7}.CD_ROM|Any CPU.ActiveCfg = Release|Any CPU
		{7BF46E74-2791-476A-9A15-F5B2F5FD49C7}.CD_ROM|Any CPU.Build.0 = Release|Any CPU
		{7BF46E74-2791-476A-9A15-F5B2F5FD49C7}.Debug|Any CPU.ActiveCfg = Debug|Any CPU
		{7BF46E74-2791-476A-9A15-F5B2F5FD49C7}.Debug|Any CPU.Build.0 = Debug|Any CPU
		{7BF46E74-2791-476A-9A15-F5B2F5FD49C7}.DVD-5|Any CPU.ActiveCfg = Debug|Any CPU
		{7BF46E74-2791-476A-9A15-F5B2F5FD49C7}.DVD-5|Any CPU.Build.0 = Debug|Any CPU
		{7BF46E74-2791-476A-9A15-F5B2F5FD49C7}.Release|Any CPU.ActiveCfg = Release|Any CPU
		{7BF46E74-2791-476A-9A15-F5B2F5FD49C7}.Release|Any CPU.Build.0 = Release|Any CPU
		{7BF46E74-2791-476A-9A15-F5B2F5FD49C7}.SingleImage|Any CPU.ActiveCfg = Release|Any CPU
		{7BF46E74-2791-476A-9A15-F5B2F5FD49C7}.SingleImage|Any CPU.Build.0 = Release|Any CPU
		{7C972A7D-27E9-4271-963D-C6236272CE2D}.CD_ROM|Any CPU.ActiveCfg = Release|Any CPU
		{7C972A7D-27E9-4271-963D-C6236272CE2D}.CD_ROM|Any CPU.Build.0 = Release|Any CPU
		{7C972A7D-27E9-4271-963D-C6236272CE2D}.Debug|Any CPU.ActiveCfg = Debug|Any CPU
		{7C972A7D-27E9-4271-963D-C6236272CE2D}.Debug|Any CPU.Build.0 = Debug|Any CPU
		{7C972A7D-27E9-4271-963D-C6236272CE2D}.DVD-5|Any CPU.ActiveCfg = Debug|Any CPU
		{7C972A7D-27E9-4271-963D-C6236272CE2D}.DVD-5|Any CPU.Build.0 = Debug|Any CPU
		{7C972A7D-27E9-4271-963D-C6236272CE2D}.Release|Any CPU.ActiveCfg = Release|Any CPU
		{7C972A7D-27E9-4271-963D-C6236272CE2D}.Release|Any CPU.Build.0 = Release|Any CPU
		{7C972A7D-27E9-4271-963D-C6236272CE2D}.SingleImage|Any CPU.ActiveCfg = Release|Any CPU
		{7C972A7D-27E9-4271-963D-C6236272CE2D}.SingleImage|Any CPU.Build.0 = Release|Any CPU
		{6C9282E9-97BB-4FA1-BB6A-8F555BD10F42}.CD_ROM|Any CPU.ActiveCfg = Release
		{6C9282E9-97BB-4FA1-BB6A-8F555BD10F42}.Debug|Any CPU.ActiveCfg = Debug
		{6C9282E9-97BB-4FA1-BB6A-8F555BD10F42}.DVD-5|Any CPU.ActiveCfg = Debug
		{6C9282E9-97BB-4FA1-BB6A-8F555BD10F42}.Release|Any CPU.ActiveCfg = Release
		{6C9282E9-97BB-4FA1-BB6A-8F555BD10F42}.SingleImage|Any CPU.ActiveCfg = Release
	EndGlobalSection
	GlobalSection(SolutionProperties) = preSolution
		HideSolutionNode = FALSE
	EndGlobalSection
EndGlobal
